// !$*UTF8*$!
{
	archiveVersion = 1;
	classes = {
	};
	objectVersion = 77;
	objects = {

/* Begin PBXBuildFile section */
		17B53734EF506D8A1FFEFB6E /* AppleTextCorrector.swift in Sources */ = {isa = PBXBuildFile; fileRef = 67E622CB0DFE195B9756D101 /* AppleTextCorrector.swift */; };
		2EB499185C92AAEA0FEE12DC /* AppleSpeechEngine.swift in Sources */ = {isa = PBXBuildFile; fileRef = 733DFF0863D012385FF93960 /* AppleSpeechEngine.swift */; };
		2FEBDE7BD4A196C2146881BD /* SenseVoiceEngine.swift in Sources */ = {isa = PBXBuildFile; fileRef = 753D3D6C10E2E484E6E2C81D /* SenseVoiceEngine.swift */; };
		470CF4D6AE121BE45323BBD6 /* onnxruntime.xcframework in Frameworks */ = {isa = PBXBuildFile; fileRef = C8345A3EE62560CE9473FA30 /* onnxruntime.xcframework */; };
		48CD0A70D28FAEF6091E0545 /* THIRD_PARTY_NOTICES.md in Resources */ = {isa = PBXBuildFile; fileRef = DCAF3C3555C2CCB14DEA2F9E /* THIRD_PARTY_NOTICES.md */; };
		49EC8DF256FA429ACCD162DA /* Assets.xcassets in Resources */ = {isa = PBXBuildFile; fileRef = BE1640A62FA32CB4481B3771 /* Assets.xcassets */; };
		4DCCB20A5316290E670B9424 /* AVFoundation.framework in Frameworks */ = {isa = PBXBuildFile; fileRef = E34FB7B837F7D979952BD186 /* AVFoundation.framework */; };
		51CF361BA58E7BF2F59B7C9F /* sherpa-onnx.xcframework in Frameworks */ = {isa = PBXBuildFile; fileRef = 76A69D53F4B7C7A2E60AA21D /* sherpa-onnx.xcframework */; };
		5926C5209FA482E20187932E /* licenses in Resources */ = {isa = PBXBuildFile; fileRef = 45BD476067478DC42C98693F /* licenses */; };
		5EB6F6099C51A9FEB46511CF /* Accelerate.framework in Frameworks */ = {isa = PBXBuildFile; fileRef = 70B21BAD8AD25E04275023BB /* Accelerate.framework */; };
		76BCB465AFC67C8B0BC26C17 /* FoundationModels.framework in Frameworks */ = {isa = PBXBuildFile; fileRef = 68471BF46FAE67A11C7720B9 /* FoundationModels.framework */; };
		9FCE048E15914717C4534F9A /* CoreML.framework in Frameworks */ = {isa = PBXBuildFile; fileRef = 41369DDD178EF59E2F87F316 /* CoreML.framework */; };
		A37D2FD34B5CD66E20E5E618 /* model-manifest.json in Resources */ = {isa = PBXBuildFile; fileRef = A7148698F0BFFF89EB1F680E /* model-manifest.json */; };
		AC149280006A93A7413674B4 /* LocalStore.swift in Sources */ = {isa = PBXBuildFile; fileRef = 117193E8BDCF764D0FDDB300 /* LocalStore.swift */; };
		AC7C72EB89CA290847180BE6 /* VoiceBenchApp.swift in Sources */ = {isa = PBXBuildFile; fileRef = 4B3C2675E1EE397E670D2A0F /* VoiceBenchApp.swift */; };
		CCFDA7F13B63D0AF604704E4 /* BenchView.swift in Sources */ = {isa = PBXBuildFile; fileRef = 4346D668EEBB9F2F30BC9C53 /* BenchView.swift */; };
		EC36000099FEAFD4823BA8A2 /* Speech.framework in Frameworks */ = {isa = PBXBuildFile; fileRef = A3B6F58AC6D6462F8A28F55D /* Speech.framework */; };
		F1DA4AF76A6CED9004E27541 /* AppTemporaryFiles.swift in Sources */ = {isa = PBXBuildFile; fileRef = 2C9F0EA5ED330A9C89B8B80C /* AppTemporaryFiles.swift */; };
		F7511DCA3BB2BC2C231919CE /* AudioFiles.swift in Sources */ = {isa = PBXBuildFile; fileRef = 41A96F5755C7DD5B190155F7 /* AudioFiles.swift */; };
		F853195F598A490DF2815DD9 /* BenchViewModel.swift in Sources */ = {isa = PBXBuildFile; fileRef = 5F75EB11AB2F97E4AE2D1476 /* BenchViewModel.swift */; };
		F8667B177023D2B46957A23F /* VoiceBenchCore in Frameworks */ = {isa = PBXBuildFile; productRef = A91F71A2FE071708FCF37673 /* VoiceBenchCore */; };
/* End PBXBuildFile section */

/* Begin PBXFileReference section */
		117193E8BDCF764D0FDDB300 /* LocalStore.swift */ = {isa = PBXFileReference; lastKnownFileType = sourcecode.swift; path = LocalStore.swift; sourceTree = "<group>"; };
		2C9F0EA5ED330A9C89B8B80C /* AppTemporaryFiles.swift */ = {isa = PBXFileReference; lastKnownFileType = sourcecode.swift; path = AppTemporaryFiles.swift; sourceTree = "<group>"; };
		41369DDD178EF59E2F87F316 /* CoreML.framework */ = {isa = PBXFileReference; lastKnownFileType = wrapper.framework; name = CoreML.framework; path = System/Library/Frameworks/CoreML.framework; sourceTree = SDKROOT; };
		41A96F5755C7DD5B190155F7 /* AudioFiles.swift */ = {isa = PBXFileReference; lastKnownFileType = sourcecode.swift; path = AudioFiles.swift; sourceTree = "<group>"; };
		4346D668EEBB9F2F30BC9C53 /* BenchView.swift */ = {isa = PBXFileReference; lastKnownFileType = sourcecode.swift; path = BenchView.swift; sourceTree = "<group>"; };
		45BD476067478DC42C98693F /* licenses */ = {isa = PBXFileReference; lastKnownFileType = folder; path = licenses; sourceTree = SOURCE_ROOT; };
		4B3C2675E1EE397E670D2A0F /* VoiceBenchApp.swift */ = {isa = PBXFileReference; lastKnownFileType = sourcecode.swift; path = VoiceBenchApp.swift; sourceTree = "<group>"; };
		5103244B66962827068103B2 /* VoiceBench.app */ = {isa = PBXFileReference; includeInIndex = 0; lastKnownFileType = wrapper.application; path = VoiceBench.app; sourceTree = BUILT_PRODUCTS_DIR; };
		5F75EB11AB2F97E4AE2D1476 /* BenchViewModel.swift */ = {isa = PBXFileReference; lastKnownFileType = sourcecode.swift; path = BenchViewModel.swift; sourceTree = "<group>"; };
		67E622CB0DFE195B9756D101 /* AppleTextCorrector.swift */ = {isa = PBXFileReference; lastKnownFileType = sourcecode.swift; path = AppleTextCorrector.swift; sourceTree = "<group>"; };
		68471BF46FAE67A11C7720B9 /* FoundationModels.framework */ = {isa = PBXFileReference; lastKnownFileType = wrapper.framework; name = FoundationModels.framework; path = System/Library/Frameworks/FoundationModels.framework; sourceTree = SDKROOT; };
		70B21BAD8AD25E04275023BB /* Accelerate.framework */ = {isa = PBXFileReference; lastKnownFileType = wrapper.framework; name = Accelerate.framework; path = System/Library/Frameworks/Accelerate.framework; sourceTree = SDKROOT; };
		733DFF0863D012385FF93960 /* AppleSpeechEngine.swift */ = {isa = PBXFileReference; lastKnownFileType = sourcecode.swift; path = AppleSpeechEngine.swift; sourceTree = "<group>"; };
		753D3D6C10E2E484E6E2C81D /* SenseVoiceEngine.swift */ = {isa = PBXFileReference; lastKnownFileType = sourcecode.swift; path = SenseVoiceEngine.swift; sourceTree = "<group>"; };
		76A69D53F4B7C7A2E60AA21D /* sherpa-onnx.xcframework */ = {isa = PBXFileReference; lastKnownFileType = wrapper.xcframework; name = "sherpa-onnx.xcframework"; path = "Vendor/sherpa-onnx.xcframework"; sourceTree = "<group>"; };
		99EDD6C38722E840CAFE1640 /* voice_bench */ = {isa = PBXFileReference; lastKnownFileType = folder; name = voice_bench; path = .; sourceTree = SOURCE_ROOT; };
		A3B6F58AC6D6462F8A28F55D /* Speech.framework */ = {isa = PBXFileReference; lastKnownFileType = wrapper.framework; name = Speech.framework; path = System/Library/Frameworks/Speech.framework; sourceTree = SDKROOT; };
		A7148698F0BFFF89EB1F680E /* model-manifest.json */ = {isa = PBXFileReference; lastKnownFileType = text.json; path = "model-manifest.json"; sourceTree = "<group>"; };
		BE1640A62FA32CB4481B3771 /* Assets.xcassets */ = {isa = PBXFileReference; lastKnownFileType = folder.assetcatalog; path = Assets.xcassets; sourceTree = "<group>"; };
		C8345A3EE62560CE9473FA30 /* onnxruntime.xcframework */ = {isa = PBXFileReference; lastKnownFileType = wrapper.xcframework; name = onnxruntime.xcframework; path = Vendor/onnxruntime.xcframework; sourceTree = "<group>"; };
		DCAF3C3555C2CCB14DEA2F9E /* THIRD_PARTY_NOTICES.md */ = {isa = PBXFileReference; lastKnownFileType = net.daringfireball.markdown; path = THIRD_PARTY_NOTICES.md; sourceTree = "<group>"; };
		E34FB7B837F7D979952BD186 /* AVFoundation.framework */ = {isa = PBXFileReference; lastKnownFileType = wrapper.framework; name = AVFoundation.framework; path = System/Library/Frameworks/AVFoundation.framework; sourceTree = SDKROOT; };
		EE258286945865F403F204F7 /* Info.plist */ = {isa = PBXFileReference; lastKnownFileType = text.plist; path = Info.plist; sourceTree = "<group>"; };
/* End PBXFileReference section */

/* Begin PBXFrameworksBuildPhase section */
		AFB1699FA452824D761D1CBE /* Frameworks */ = {
			isa = PBXFrameworksBuildPhase;
			buildActionMask = 2147483647;
			files = (
				F8667B177023D2B46957A23F /* VoiceBenchCore in Frameworks */,
				51CF361BA58E7BF2F59B7C9F /* sherpa-onnx.xcframework in Frameworks */,
				470CF4D6AE121BE45323BBD6 /* onnxruntime.xcframework in Frameworks */,
				5EB6F6099C51A9FEB46511CF /* Accelerate.framework in Frameworks */,
				9FCE048E15914717C4534F9A /* CoreML.framework in Frameworks */,
				4DCCB20A5316290E670B9424 /* AVFoundation.framework in Frameworks */,
				EC36000099FEAFD4823BA8A2 /* Speech.framework in Frameworks */,
				76BCB465AFC67C8B0BC26C17 /* FoundationModels.framework in Frameworks */,
			);
			runOnlyForDeploymentPostprocessing = 0;
		};
/* End PBXFrameworksBuildPhase section */

/* Begin PBXGroup section */
		0CDA9E54253006E9A982A827 /* Frameworks */ = {
			isa = PBXGroup;
			children = (
				70B21BAD8AD25E04275023BB /* Accelerate.framework */,
				E34FB7B837F7D979952BD186 /* AVFoundation.framework */,
				41369DDD178EF59E2F87F316 /* CoreML.framework */,
				68471BF46FAE67A11C7720B9 /* FoundationModels.framework */,
				C8345A3EE62560CE9473FA30 /* onnxruntime.xcframework */,
				76A69D53F4B7C7A2E60AA21D /* sherpa-onnx.xcframework */,
				A3B6F58AC6D6462F8A28F55D /* Speech.framework */,
			);
			name = Frameworks;
			sourceTree = "<group>";
		};
		1EECEB2338C06D489327FFAD /* Engines */ = {
			isa = PBXGroup;
			children = (
				733DFF0863D012385FF93960 /* AppleSpeechEngine.swift */,
				753D3D6C10E2E484E6E2C81D /* SenseVoiceEngine.swift */,
			);
			path = Engines;
			sourceTree = "<group>";
		};
		2A50801F47C2B7ADDE5AE939 /* Packages */ = {
			isa = PBXGroup;
			children = (
				99EDD6C38722E840CAFE1640 /* voice_bench */,
			);
			name = Packages;
			sourceTree = "<group>";
		};
		6D8A3376CAFEB974AE37616F /* Products */ = {
			isa = PBXGroup;
			children = (
				5103244B66962827068103B2 /* VoiceBench.app */,
			);
			name = Products;
			sourceTree = "<group>";
		};
		76D8AE6C68DE98CC88633449 = {
			isa = PBXGroup;
			children = (
				45BD476067478DC42C98693F /* licenses */,
				DCAF3C3555C2CCB14DEA2F9E /* THIRD_PARTY_NOTICES.md */,
				C30A74877FACE1425D978866 /* config */,
				2A50801F47C2B7ADDE5AE939 /* Packages */,
				9B6A4C89CC0449E9B34757EB /* VoiceBench */,
				0CDA9E54253006E9A982A827 /* Frameworks */,
				6D8A3376CAFEB974AE37616F /* Products */,
			);
			sourceTree = "<group>";
		};
		7DE84141442C6762CC321925 /* Correction */ = {
			isa = PBXGroup;
			children = (
				67E622CB0DFE195B9756D101 /* AppleTextCorrector.swift */,
			);
			path = Correction;
			sourceTree = "<group>";
		};
		900C5DC06E0E00CCBE42CB4F /* App */ = {
			isa = PBXGroup;
			children = (
				4346D668EEBB9F2F30BC9C53 /* BenchView.swift */,
				5F75EB11AB2F97E4AE2D1476 /* BenchViewModel.swift */,
				4B3C2675E1EE397E670D2A0F /* VoiceBenchApp.swift */,
			);
			path = App;
			sourceTree = "<group>";
		};
		98563C66911B5BDBDA3A1477 /* Audio */ = {
			isa = PBXGroup;
			children = (
				41A96F5755C7DD5B190155F7 /* AudioFiles.swift */,
			);
			path = Audio;
			sourceTree = "<group>";
		};
		9B6A4C89CC0449E9B34757EB /* VoiceBench */ = {
			isa = PBXGroup;
			children = (
				BE1640A62FA32CB4481B3771 /* Assets.xcassets */,
				EE258286945865F403F204F7 /* Info.plist */,
				900C5DC06E0E00CCBE42CB4F /* App */,
				98563C66911B5BDBDA3A1477 /* Audio */,
				7DE84141442C6762CC321925 /* Correction */,
				1EECEB2338C06D489327FFAD /* Engines */,
				FA1863F50AD17D7C30E7CB10 /* Storage */,
			);
			path = VoiceBench;
			sourceTree = "<group>";
		};
		C30A74877FACE1425D978866 /* config */ = {
			isa = PBXGroup;
			children = (
				A7148698F0BFFF89EB1F680E /* model-manifest.json */,
			);
			path = config;
			sourceTree = "<group>";
		};
		FA1863F50AD17D7C30E7CB10 /* Storage */ = {
			isa = PBXGroup;
			children = (
				2C9F0EA5ED330A9C89B8B80C /* AppTemporaryFiles.swift */,
				117193E8BDCF764D0FDDB300 /* LocalStore.swift */,
			);
			path = Storage;
			sourceTree = "<group>";
		};
/* End PBXGroup section */

/* Begin PBXNativeTarget section */
		3BF4F9EBFF13F567F2A18FB9 /* VoiceBench */ = {
			isa = PBXNativeTarget;
			buildConfigurationList = CEF2876CD6FB80E5D7D8F632 /* Build configuration list for PBXNativeTarget "VoiceBench" */;
			buildPhases = (
				DFF537D873BDB54CBE99CE49 /* Sources */,
				40D4B4F079D4F6F0DEC587ED /* Resources */,
				AFB1699FA452824D761D1CBE /* Frameworks */,
			);
			buildRules = (
			);
			dependencies = (
			);
			name = VoiceBench;
			packageProductDependencies = (
				A91F71A2FE071708FCF37673 /* VoiceBenchCore */,
			);
			productName = VoiceBench;
			productReference = 5103244B66962827068103B2 /* VoiceBench.app */;
			productType = "com.apple.product-type.application";
		};
/* End PBXNativeTarget section */

/* Begin PBXProject section */
		769914C700AB63C8C6E3DEB6 /* Project object */ = {
			isa = PBXProject;
			attributes = {
				BuildIndependentTargetsInParallel = YES;
				LastUpgradeCheck = 1430;
			};
			buildConfigurationList = AB5B1EEABC1795FB403D2DF0 /* Build configuration list for PBXProject "VoiceBench" */;
			compatibilityVersion = "Xcode 14.0";
			developmentRegion = en;
			hasScannedForEncodings = 0;
			knownRegions = (
				Base,
				en,
			);
			mainGroup = 76D8AE6C68DE98CC88633449;
			minimizedProjectReferenceProxies = 1;
			packageReferences = (
				2473D6E26FBF6BF664B6621E /* XCLocalSwiftPackageReference "." */,
			);
			preferredProjectObjectVersion = 77;
			projectDirPath = "";
			projectRoot = "";
			targets = (
				3BF4F9EBFF13F567F2A18FB9 /* VoiceBench */,
			);
		};
/* End PBXProject section */

/* Begin PBXResourcesBuildPhase section */
		40D4B4F079D4F6F0DEC587ED /* Resources */ = {
			isa = PBXResourcesBuildPhase;
			buildActionMask = 2147483647;
			files = (
				49EC8DF256FA429ACCD162DA /* Assets.xcassets in Resources */,
				48CD0A70D28FAEF6091E0545 /* THIRD_PARTY_NOTICES.md in Resources */,
				5926C5209FA482E20187932E /* licenses in Resources */,
				A37D2FD34B5CD66E20E5E618 /* model-manifest.json in Resources */,
			);
			runOnlyForDeploymentPostprocessing = 0;
		};
/* End PBXResourcesBuildPhase section */

/* Begin PBXSourcesBuildPhase section */
		DFF537D873BDB54CBE99CE49 /* Sources */ = {
			isa = PBXSourcesBuildPhase;
			buildActionMask = 2147483647;
			files = (
				F1DA4AF76A6CED9004E27541 /* AppTemporaryFiles.swift in Sources */,
				2EB499185C92AAEA0FEE12DC /* AppleSpeechEngine.swift in Sources */,
				17B53734EF506D8A1FFEFB6E /* AppleTextCorrector.swift in Sources */,
				F7511DCA3BB2BC2C231919CE /* AudioFiles.swift in Sources */,
				CCFDA7F13B63D0AF604704E4 /* BenchView.swift in Sources */,
				F853195F598A490DF2815DD9 /* BenchViewModel.swift in Sources */,
				AC149280006A93A7413674B4 /* LocalStore.swift in Sources */,
				2FEBDE7BD4A196C2146881BD /* SenseVoiceEngine.swift in Sources */,
				AC7C72EB89CA290847180BE6 /* VoiceBenchApp.swift in Sources */,
			);
			runOnlyForDeploymentPostprocessing = 0;
		};
/* End PBXSourcesBuildPhase section */

/* Begin XCBuildConfiguration section */
		03324FB8725439DE5C86DB15 /* Debug */ = {
			isa = XCBuildConfiguration;
			buildSettings = {
				ALWAYS_SEARCH_USER_PATHS = NO;
				CLANG_ANALYZER_NONNULL = YES;
				CLANG_ANALYZER_NUMBER_OBJECT_CONVERSION = YES_AGGRESSIVE;
				CLANG_CXX_LANGUAGE_STANDARD = "gnu++14";
				CLANG_CXX_LIBRARY = "libc++";
				CLANG_ENABLE_MODULES = YES;
				CLANG_ENABLE_OBJC_ARC = YES;
				CLANG_ENABLE_OBJC_WEAK = YES;
				CLANG_WARN_BLOCK_CAPTURE_AUTORELEASING = YES;
				CLANG_WARN_BOOL_CONVERSION = YES;
				CLANG_WARN_COMMA = YES;
				CLANG_WARN_CONSTANT_CONVERSION = YES;
				CLANG_WARN_DEPRECATED_OBJC_IMPLEMENTATIONS = YES;
				CLANG_WARN_DIRECT_OBJC_ISA_USAGE = YES_ERROR;
				CLANG_WARN_DOCUMENTATION_COMMENTS = YES;
				CLANG_WARN_EMPTY_BODY = YES;
				CLANG_WARN_ENUM_CONVERSION = YES;
				CLANG_WARN_INFINITE_RECURSION = YES;
				CLANG_WARN_INT_CONVERSION = YES;
				CLANG_WARN_NON_LITERAL_NULL_CONVERSION = YES;
				CLANG_WARN_OBJC_IMPLICIT_RETAIN_SELF = YES;
				CLANG_WARN_OBJC_LITERAL_CONVERSION = YES;
				CLANG_WARN_OBJC_ROOT_CLASS = YES_ERROR;
				CLANG_WARN_QUOTED_INCLUDE_IN_FRAMEWORK_HEADER = YES;
				CLANG_WARN_RANGE_LOOP_ANALYSIS = YES;
				CLANG_WARN_STRICT_PROTOTYPES = YES;
				CLANG_WARN_SUSPICIOUS_MOVE = YES;
				CLANG_WARN_UNGUARDED_AVAILABILITY = YES_AGGRESSIVE;
				CLANG_WARN_UNREACHABLE_CODE = YES;
				CLANG_WARN__DUPLICATE_METHOD_MATCH = YES;
				CODE_SIGNING_ALLOWED = NO;
				COPY_PHASE_STRIP = NO;
				CURRENT_PROJECT_VERSION = 1;
				DEBUG_INFORMATION_FORMAT = dwarf;
				ENABLE_STRICT_OBJC_MSGSEND = YES;
				ENABLE_TESTABILITY = YES;
				GCC_C_LANGUAGE_STANDARD = gnu11;
				GCC_DYNAMIC_NO_PIC = NO;
				GCC_NO_COMMON_BLOCKS = YES;
				GCC_OPTIMIZATION_LEVEL = 0;
				GCC_PREPROCESSOR_DEFINITIONS = (
					"$(inherited)",
					"DEBUG=1",
				);
				GCC_WARN_64_TO_32_BIT_CONVERSION = YES;
				GCC_WARN_ABOUT_RETURN_TYPE = YES_ERROR;
				GCC_WARN_UNDECLARED_SELECTOR = YES;
				GCC_WARN_UNINITIALIZED_AUTOS = YES_AGGRESSIVE;
				GCC_WARN_UNUSED_FUNCTION = YES;
				GCC_WARN_UNUSED_VARIABLE = YES;
				IPHONEOS_DEPLOYMENT_TARGET = 26.0;
				MARKETING_VERSION = 0.1.0;
				MTL_ENABLE_DEBUG_INFO = INCLUDE_SOURCE;
				MTL_FAST_MATH = YES;
				ONLY_ACTIVE_ARCH = YES;
				PRODUCT_NAME = "$(TARGET_NAME)";
				SDKROOT = iphoneos;
				SUPPORTS_MACCATALYST = NO;
				SUPPORTS_MAC_DESIGNED_FOR_IPHONE_IPAD = NO;
				SWIFT_ACTIVE_COMPILATION_CONDITIONS = DEBUG;
				SWIFT_OPTIMIZATION_LEVEL = "-Onone";
				SWIFT_STRICT_CONCURRENCY = targeted;
				SWIFT_VERSION = 5.0;
				TARGETED_DEVICE_FAMILY = 1;
			};
			name = Debug;
		};
		5736FA860FAFD0A063302C2F /* Debug */ = {
			isa = XCBuildConfiguration;
			buildSettings = {
				ASSETCATALOG_COMPILER_APPICON_NAME = AppIcon;
				CODE_SIGN_IDENTITY = "iPhone Developer";
				FRAMEWORK_SEARCH_PATHS = (
					"$(inherited)",
					"\"Vendor\"",
				);
				GENERATE_INFOPLIST_FILE = NO;
				INFOPLIST_FILE = VoiceBench/Info.plist;
				LD_RUNPATH_SEARCH_PATHS = (
					"$(inherited)",
					"@executable_path/Frameworks",
				);
				OTHER_LDFLAGS = (
					"$(inherited)",
					"-lc++",
				);
				PRODUCT_BUNDLE_IDENTIFIER = com.voicebench.demo;
				SDKROOT = iphoneos;
				TARGETED_DEVICE_FAMILY = "1,2";
			};
			name = Debug;
		};
		6E7D89D5E17B2E8112073CF2 /* Release */ = {
			isa = XCBuildConfiguration;
			buildSettings = {
				ALWAYS_SEARCH_USER_PATHS = NO;
				CLANG_ANALYZER_NONNULL = YES;
				CLANG_ANALYZER_NUMBER_OBJECT_CONVERSION = YES_AGGRESSIVE;
				CLANG_CXX_LANGUAGE_STANDARD = "gnu++14";
				CLANG_CXX_LIBRARY = "libc++";
				CLANG_ENABLE_MODULES = YES;
				CLANG_ENABLE_OBJC_ARC = YES;
				CLANG_ENABLE_OBJC_WEAK = YES;
				CLANG_WARN_BLOCK_CAPTURE_AUTORELEASING = YES;
				CLANG_WARN_BOOL_CONVERSION = YES;
				CLANG_WARN_COMMA = YES;
				CLANG_WARN_CONSTANT_CONVERSION = YES;
				CLANG_WARN_DEPRECATED_OBJC_IMPLEMENTATIONS = YES;
				CLANG_WARN_DIRECT_OBJC_ISA_USAGE = YES_ERROR;
				CLANG_WARN_DOCUMENTATION_COMMENTS = YES;
				CLANG_WARN_EMPTY_BODY = YES;
				CLANG_WARN_ENUM_CONVERSION = YES;
				CLANG_WARN_INFINITE_RECURSION = YES;
				CLANG_WARN_INT_CONVERSION = YES;
				CLANG_WARN_NON_LITERAL_NULL_CONVERSION = YES;
				CLANG_WARN_OBJC_IMPLICIT_RETAIN_SELF = YES;
				CLANG_WARN_OBJC_LITERAL_CONVERSION = YES;
				CLANG_WARN_OBJC_ROOT_CLASS = YES_ERROR;
				CLANG_WARN_QUOTED_INCLUDE_IN_FRAMEWORK_HEADER = YES;
				CLANG_WARN_RANGE_LOOP_ANALYSIS = YES;
				CLANG_WARN_STRICT_PROTOTYPES = YES;
				CLANG_WARN_SUSPICIOUS_MOVE = YES;
				CLANG_WARN_UNGUARDED_AVAILABILITY = YES_AGGRESSIVE;
				CLANG_WARN_UNREACHABLE_CODE = YES;
				CLANG_WARN__DUPLICATE_METHOD_MATCH = YES;
				CODE_SIGNING_ALLOWED = NO;
				COPY_PHASE_STRIP = NO;
				CURRENT_PROJECT_VERSION = 1;
				DEBUG_INFORMATION_FORMAT = "dwarf-with-dsym";
				ENABLE_NS_ASSERTIONS = NO;
				ENABLE_STRICT_OBJC_MSGSEND = YES;
				GCC_C_LANGUAGE_STANDARD = gnu11;
				GCC_NO_COMMON_BLOCKS = YES;
				GCC_WARN_64_TO_32_BIT_CONVERSION = YES;
				GCC_WARN_ABOUT_RETURN_TYPE = YES_ERROR;
				GCC_WARN_UNDECLARED_SELECTOR = YES;
				GCC_WARN_UNINITIALIZED_AUTOS = YES_AGGRESSIVE;
				GCC_WARN_UNUSED_FUNCTION = YES;
				GCC_WARN_UNUSED_VARIABLE = YES;
				IPHONEOS_DEPLOYMENT_TARGET = 26.0;
				MARKETING_VERSION = 0.1.0;
				MTL_ENABLE_DEBUG_INFO = NO;
				MTL_FAST_MATH = YES;
				PRODUCT_NAME = "$(TARGET_NAME)";
				SDKROOT = iphoneos;
				SUPPORTS_MACCATALYST = NO;
				SUPPORTS_MAC_DESIGNED_FOR_IPHONE_IPAD = NO;
				SWIFT_COMPILATION_MODE = wholemodule;
				SWIFT_OPTIMIZATION_LEVEL = "-O";
				SWIFT_STRICT_CONCURRENCY = targeted;
				SWIFT_VERSION = 5.0;
				TARGETED_DEVICE_FAMILY = 1;
			};
			name = Release;
		};
		A6D854526E354C2609C550CB /* Release */ = {
			isa = XCBuildConfiguration;
			buildSettings = {
				ASSETCATALOG_COMPILER_APPICON_NAME = AppIcon;
				CODE_SIGN_IDENTITY = "iPhone Developer";
				FRAMEWORK_SEARCH_PATHS = (
					"$(inherited)",
					"\"Vendor\"",
				);
				GENERATE_INFOPLIST_FILE = NO;
				INFOPLIST_FILE = VoiceBench/Info.plist;
				LD_RUNPATH_SEARCH_PATHS = (
					"$(inherited)",
					"@executable_path/Frameworks",
				);
				OTHER_LDFLAGS = (
					"$(inherited)",
					"-lc++",
				);
				PRODUCT_BUNDLE_IDENTIFIER = com.voicebench.demo;
				SDKROOT = iphoneos;
				TARGETED_DEVICE_FAMILY = "1,2";
			};
			name = Release;
		};
/* End XCBuildConfiguration section */

/* Begin XCConfigurationList section */
		AB5B1EEABC1795FB403D2DF0 /* Build configuration list for PBXProject "VoiceBench" */ = {
			isa = XCConfigurationList;
			buildConfigurations = (
				03324FB8725439DE5C86DB15 /* Debug */,
				6E7D89D5E17B2E8112073CF2 /* Release */,
			);
			defaultConfigurationIsVisible = 0;
			defaultConfigurationName = Debug;
		};
		CEF2876CD6FB80E5D7D8F632 /* Build configuration list for PBXNativeTarget "VoiceBench" */ = {
			isa = XCConfigurationList;
			buildConfigurations = (
				5736FA860FAFD0A063302C2F /* Debug */,
				A6D854526E354C2609C550CB /* Release */,
			);
			defaultConfigurationIsVisible = 0;
			defaultConfigurationName = Debug;
		};
/* End XCConfigurationList section */

/* Begin XCLocalSwiftPackageReference section */
		2473D6E26FBF6BF664B6621E /* XCLocalSwiftPackageReference "." */ = {
			isa = XCLocalSwiftPackageReference;
			relativePath = .;
		};
/* End XCLocalSwiftPackageReference section */

/* Begin XCSwiftPackageProductDependency section */
		A91F71A2FE071708FCF37673 /* VoiceBenchCore */ = {
			isa = XCSwiftPackageProductDependency;
			productName = VoiceBenchCore;
		};
/* End XCSwiftPackageProductDependency section */
	};
	rootObject = 769914C700AB63C8C6E3DEB6 /* Project object */;
}
